
Microsoft Visual Studio Solution File, Format Version 12.00
# Visual Studio 15
VisualStudioVersion = 15.0.27004.2010
MinimumVisualStudioVersion = 10.0.40219.1
Project("{FAE04EC0-301F-11D3-BF4B-00C04F79EFBC}") = "MegaDesk", "MegaDesk\MegaDesk.csproj", "{4C041642-9A44-4E48-A2D2-0B9A166AA0A3}"
EndProject
Global
	GlobalSection(SolutionConfigurationPlatforms) = preSolution
		Debug|Any CPU = Debug|Any CPU
		Release|Any CPU = Release|Any CPU
	EndGlobalSection
	GlobalSection(ProjectConfigurationPlatforms) = postSolution
		{4C041642-9A44-4E48-A2D2-0B9A166AA0A3}.Debug|Any CPU.ActiveCfg = Debug|Any CPU
		{4C041642-9A44-4E48-A2D2-0B9A166AA0A3}.Debug|Any CPU.Build.0 = Debug|Any CPU
		{4C041642-9A44-4E48-A2D2-0B9A166AA0A3}.Release|Any CPU.ActiveCfg = Release|Any CPU
		{4C041642-9A44-4E48-A2D2-0B9A166AA0A3}.Release|Any CPU.Build.0 = Release|Any CPU
	EndGlobalSection
	GlobalSection(SolutionProperties) = preSolution
		HideSolutionNode = FALSE
	EndGlobalSection
	GlobalSection(ExtensibilityGlobals) = postSolution
		SolutionGuid = {6FA0845A-E3C0-41CC-B783-DA2CBAFF6F69}
	EndGlobalSection
EndGlobal
